// !$*UTF8*$!
{
	archiveVersion = 1;
	classes = {
	};
	objectVersion = 56;
	objects = {

/* Begin PBXBuildFile section */
		896A37F12C22B96800B5A678 /* demo.mov in Resources */ = {isa = PBXBuildFile; fileRef = 896A37F02C22B96800B5A678 /* demo.mov */; };
		89989AF32C6AFBF800913D3F /* MapView.swift in Sources */ = {isa = PBXBuildFile; fileRef = 89989AF22C6AFBF800913D3F /* MapView.swift */; };
		9179B75D29C5A3B400586F4E /* clipLeftCircle.swift in Sources */ = {isa = PBXBuildFile; fileRef = 9179B75C29C5A3B400586F4E /* clipLeftCircle.swift */; };
		91E5EBA5299CC01B00DF3455 /* curlingApp.swift in Sources */ = {isa = PBXBuildFile; fileRef = 91E5EBA4299CC01B00DF3455 /* curlingApp.swift */; };
		91E5EBA7299CC01B00DF3455 /* ContentView.swift in Sources */ = {isa = PBXBuildFile; fileRef = 91E5EBA6299CC01B00DF3455 /* ContentView.swift */; };
		91E5EBA9299CC01C00DF3455 /* Assets.xcassets in Resources */ = {isa = PBXBuildFile; fileRef = 91E5EBA8299CC01C00DF3455 /* Assets.xcassets */; };
		91E5EBAC299CC01C00DF3455 /* Preview Assets.xcassets in Resources */ = {isa = PBXBuildFile; fileRef = 91E5EBAB299CC01C00DF3455 /* Preview Assets.xcassets */; };
		91E5EBB6299CC01C00DF3455 /* curlingTests.swift in Sources */ = {isa = PBXBuildFile; fileRef = 91E5EBB5299CC01C00DF3455 /* curlingTests.swift */; };
		91E5EBC0299CC01C00DF3455 /* curlingUITests.swift in Sources */ = {isa = PBXBuildFile; fileRef = 91E5EBBF299CC01C00DF3455 /* curlingUITests.swift */; };
		91E5EBC2299CC01C00DF3455 /* curlingUITestsLaunchTests.swift in Sources */ = {isa = PBXBuildFile; fileRef = 91E5EBC1299CC01C00DF3455 /* curlingUITestsLaunchTests.swift */; };
		91E5EBD0299CC86100DF3455 /* LocationManager.swift in Sources */ = {isa = PBXBuildFile; fileRef = 91E5EBCF299CC86100DF3455 /* LocationManager.swift */; };
		CE6EABEC2A6E3F3100DA9254 /* UDPServer.swift in Sources */ = {isa = PBXBuildFile; fileRef = CE6EABEB2A6E3F3100DA9254 /* UDPServer.swift */; };
		CE6EABEF2A6E41F800DA9254 /* UDPServerBridge.m in Sources */ = {isa = PBXBuildFile; fileRef = CE6EABEE2A6E41F800DA9254 /* UDPServerBridge.m */; };
		CE71A4E929E4447A00177BE7 /* MotionManager.swift in Sources */ = {isa = PBXBuildFile; fileRef = CE71A4E829E4447A00177BE7 /* MotionManager.swift */; };
/* End PBXBuildFile section */

/* Begin PBXContainerItemProxy section */
		91E5EBB2299CC01C00DF3455 /* PBXContainerItemProxy */ = {
			isa = PBXContainerItemProxy;
			containerPortal = 91E5EB99299CC01B00DF3455 /* Project object */;
			proxyType = 1;
			remoteGlobalIDString = 91E5EBA0299CC01B00DF3455;
			remoteInfo = curling;
		};
		91E5EBBC299CC01C00DF3455 /* PBXContainerItemProxy */ = {
			isa = PBXContainerItemProxy;
			containerPortal = 91E5EB99299CC01B00DF3455 /* Project object */;
			proxyType = 1;
			remoteGlobalIDString = 91E5EBA0299CC01B00DF3455;
			remoteInfo = curling;
		};
/* End PBXContainerItemProxy section */

/* Begin PBXFileReference section */
		896A37F02C22B96800B5A678 /* demo.mov */ = {isa = PBXFileReference; lastKnownFileType = video.quicktime; path = demo.mov; sourceTree = "<group>"; };
		89989AF22C6AFBF800913D3F /* MapView.swift */ = {isa = PBXFileReference; lastKnownFileType = sourcecode.swift; path = MapView.swift; sourceTree = "<group>"; };
		9179B75C29C5A3B400586F4E /* clipLeftCircle.swift */ = {isa = PBXFileReference; lastKnownFileType = sourcecode.swift; path = clipLeftCircle.swift; sourceTree = "<group>"; };
		91E5EBA1299CC01B00DF3455 /* curling.app */ = {isa = PBXFileReference; explicitFileType = wrapper.application; includeInIndex = 0; path = curling.app; sourceTree = BUILT_PRODUCTS_DIR; };
		91E5EBA4299CC01B00DF3455 /* curlingApp.swift */ = {isa = PBXFileReference; lastKnownFileType = sourcecode.swift; path = curlingApp.swift; sourceTree = "<group>"; };
		91E5EBA6299CC01B00DF3455 /* ContentView.swift */ = {isa = PBXFileReference; lastKnownFileType = sourcecode.swift; path = ContentView.swift; sourceTree = "<group>"; };
		91E5EBA8299CC01C00DF3455 /* Assets.xcassets */ = {isa = PBXFileReference; lastKnownFileType = folder.assetcatalog; path = Assets.xcassets; sourceTree = "<group>"; };
		91E5EBAB299CC01C00DF3455 /* Preview Assets.xcassets */ = {isa = PBXFileReference; lastKnownFileType = folder.assetcatalog; path = "Preview Assets.xcassets"; sourceTree = "<group>"; };
		91E5EBB1299CC01C00DF3455 /* curlingTests.xctest */ = {isa = PBXFileReference; explicitFileType = wrapper.cfbundle; includeInIndex = 0; path = curlingTests.xctest; sourceTree = BUILT_PRODUCTS_DIR; };
		91E5EBB5299CC01C00DF3455 /* curlingTests.swift */ = {isa = PBXFileReference; lastKnownFileType = sourcecode.swift; path = curlingTests.swift; sourceTree = "<group>"; };
		91E5EBBB299CC01C00DF3455 /* curlingUITests.xctest */ = {isa = PBXFileReference; explicitFileType = wrapper.cfbundle; includeInIndex = 0; path = curlingUITests.xctest; sourceTree = BUILT_PRODUCTS_DIR; };
		91E5EBBF299CC01C00DF3455 /* curlingUITests.swift */ = {isa = PBXFileReference; lastKnownFileType = sourcecode.swift; path = curlingUITests.swift; sourceTree = "<group>"; };
		91E5EBC1299CC01C00DF3455 /* curlingUITestsLaunchTests.swift */ = {isa = PBXFileReference; lastKnownFileType = sourcecode.swift; path = curlingUITestsLaunchTests.swift; sourceTree = "<group>"; };
		91E5EBCE299CC7F100DF3455 /* Info.plist */ = {isa = PBXFileReference; lastKnownFileType = text.plist; path = Info.plist; sourceTree = "<group>"; };
		91E5EBCF299CC86100DF3455 /* LocationManager.swift */ = {isa = PBXFileReference; lastKnownFileType = sourcecode.swift; path = LocationManager.swift; sourceTree = "<group>"; };
		CE6EABEB2A6E3F3100DA9254 /* UDPServer.swift */ = {isa = PBXFileReference; lastKnownFileType = sourcecode.swift; path = UDPServer.swift; sourceTree = "<group>"; };
		CE6EABED2A6E41F700DA9254 /* curling-Bridging-Header.h */ = {isa = PBXFileReference; lastKnownFileType = sourcecode.c.h; path = "curling-Bridging-Header.h"; sourceTree = "<group>"; };
		CE6EABEE2A6E41F800DA9254 /* UDPServerBridge.m */ = {isa = PBXFileReference; lastKnownFileType = sourcecode.c.objc; path = UDPServerBridge.m; sourceTree = "<group>"; };
		CE6EABF12A6E426A00DA9254 /* UDPServerBridge.h */ = {isa = PBXFileReference; lastKnownFileType = sourcecode.c.h; path = UDPServerBridge.h; sourceTree = "<group>"; };
		CE71A4E829E4447A00177BE7 /* MotionManager.swift */ = {isa = PBXFileReference; lastKnownFileType = sourcecode.swift; path = MotionManager.swift; sourceTree = "<group>"; };
/* End PBXFileReference section */

/* Begin PBXFrameworksBuildPhase section */
		91E5EB9E299CC01B00DF3455 /* Frameworks */ = {
			isa = PBXFrameworksBuildPhase;
			buildActionMask = 2147483647;
			files = (
			);
			runOnlyForDeploymentPostprocessing = 0;
		};
		91E5EBAE299CC01C00DF3455 /* Frameworks */ = {
			isa = PBXFrameworksBuildPhase;
			buildActionMask = 2147483647;
			files = (
			);
			runOnlyForDeploymentPostprocessing = 0;
		};
		91E5EBB8299CC01C00DF3455 /* Frameworks */ = {
			isa = PBXFrameworksBuildPhase;
			buildActionMask = 2147483647;
			files = (
			);
			runOnlyForDeploymentPostprocessing = 0;
		};
/* End PBXFrameworksBuildPhase section */

/* Begin PBXGroup section */
		91E5EB98299CC01B00DF3455 = {
			isa = PBXGroup;
			children = (
				91E5EBA3299CC01B00DF3455 /* curling */,
				91E5EBB4299CC01C00DF3455 /* curlingTests */,
				91E5EBBE299CC01C00DF3455 /* curlingUITests */,
				91E5EBA2299CC01B00DF3455 /* Products */,
			);
			sourceTree = "<group>";
		};
		91E5EBA2299CC01B00DF3455 /* Products */ = {
			isa = PBXGroup;
			children = (
				91E5EBA1299CC01B00DF3455 /* curling.app */,
				91E5EBB1299CC01C00DF3455 /* curlingTests.xctest */,
				91E5EBBB299CC01C00DF3455 /* curlingUITests.xctest */,
			);
			name = Products;
			sourceTree = "<group>";
		};
		91E5EBA3299CC01B00DF3455 /* curling */ = {
			isa = PBXGroup;
			children = (
				91E5EBCE299CC7F100DF3455 /* Info.plist */,
				91E5EBA4299CC01B00DF3455 /* curlingApp.swift */,
				91E5EBA6299CC01B00DF3455 /* ContentView.swift */,
				89989AF22C6AFBF800913D3F /* MapView.swift */,
				CE6EABEE2A6E41F800DA9254 /* UDPServerBridge.m */,
				CE6EABF12A6E426A00DA9254 /* UDPServerBridge.h */,
				CE6EABEB2A6E3F3100DA9254 /* UDPServer.swift */,
				91E5EBCF299CC86100DF3455 /* LocationManager.swift */,
				CE71A4E829E4447A00177BE7 /* MotionManager.swift */,
				896A37F02C22B96800B5A678 /* demo.mov */,
				91E5EBA8299CC01C00DF3455 /* Assets.xcassets */,
				91E5EBAA299CC01C00DF3455 /* Preview Content */,
				9179B75C29C5A3B400586F4E /* clipLeftCircle.swift */,
				CE6EABED2A6E41F700DA9254 /* curling-Bridging-Header.h */,
			);
			path = curling;
			sourceTree = "<group>";
		};
		91E5EBAA299CC01C00DF3455 /* Preview Content */ = {
			isa = PBXGroup;
			children = (
				91E5EBAB299CC01C00DF3455 /* Preview Assets.xcassets */,
			);
			path = "Preview Content";
			sourceTree = "<group>";
		};
		91E5EBB4299CC01C00DF3455 /* curlingTests */ = {
			isa = PBXGroup;
			children = (
				91E5EBB5299CC01C00DF3455 /* curlingTests.swift */,
			);
			path = curlingTests;
			sourceTree = "<group>";
		};
		91E5EBBE299CC01C00DF3455 /* curlingUITests */ = {
			isa = PBXGroup;
			children = (
				91E5EBBF299CC01C00DF3455 /* curlingUITests.swift */,
				91E5EBC1299CC01C00DF3455 /* curlingUITestsLaunchTests.swift */,
			);
			path = curlingUITests;
			sourceTree = "<group>";
		};
/* End PBXGroup section */

/* Begin PBXNativeTarget section */
		91E5EBA0299CC01B00DF3455 /* curling */ = {
			isa = PBXNativeTarget;
			buildConfigurationList = 91E5EBC5299CC01C00DF3455 /* Build configuration list for PBXNativeTarget "curling" */;
			buildPhases = (
				91E5EB9D299CC01B00DF3455 /* Sources */,
				91E5EB9E299CC01B00DF3455 /* Frameworks */,
				91E5EB9F299CC01B00DF3455 /* Resources */,
			);
			buildRules = (
			);
			dependencies = (
			);
			name = curling;
			productName = curling;
			productReference = 91E5EBA1299CC01B00DF3455 /* curling.app */;
			productType = "com.apple.product-type.application";
		};
		91E5EBB0299CC01C00DF3455 /* curlingTests */ = {
			isa = PBXNativeTarget;
			buildConfigurationList = 91E5EBC8299CC01C00DF3455 /* Build configuration list for PBXNativeTarget "curlingTests" */;
			buildPhases = (
				91E5EBAD299CC01C00DF3455 /* Sources */,
				91E5EBAE299CC01C00DF3455 /* Frameworks */,
				91E5EBAF299CC01C00DF3455 /* Resources */,
			);
			buildRules = (
			);
			dependencies = (
				91E5EBB3299CC01C00DF3455 /* PBXTargetDependency */,
			);
			name = curlingTests;
			productName = curlingTests;
			productReference = 91E5EBB1299CC01C00DF3455 /* curlingTests.xctest */;
			productType = "com.apple.product-type.bundle.unit-test";
		};
		91E5EBBA299CC01C00DF3455 /* curlingUITests */ = {
			isa = PBXNativeTarget;
			buildConfigurationList = 91E5EBCB299CC01C00DF3455 /* Build configuration list for PBXNativeTarget "curlingUITests" */;
			buildPhases = (
				91E5EBB7299CC01C00DF3455 /* Sources */,
				91E5EBB8299CC01C00DF3455 /* Frameworks */,
				91E5EBB9299CC01C00DF3455 /* Resources */,
			);
			buildRules = (
			);
			dependencies = (
				91E5EBBD299CC01C00DF3455 /* PBXTargetDependency */,
			);
			name = curlingUITests;
			productName = curlingUITests;
			productReference = 91E5EBBB299CC01C00DF3455 /* curlingUITests.xctest */;
			productType = "com.apple.product-type.bundle.ui-testing";
		};
/* End PBXNativeTarget section */

/* Begin PBXProject section */
		91E5EB99299CC01B00DF3455 /* Project object */ = {
			isa = PBXProject;
			attributes = {
				BuildIndependentTargetsInParallel = 1;
				LastSwiftUpdateCheck = 1420;
				LastUpgradeCheck = 1420;
				TargetAttributes = {
					91E5EBA0299CC01B00DF3455 = {
						CreatedOnToolsVersion = 14.2;
						LastSwiftMigration = 1430;
					};
					91E5EBB0299CC01C00DF3455 = {
						CreatedOnToolsVersion = 14.2;
						TestTargetID = 91E5EBA0299CC01B00DF3455;
					};
					91E5EBBA299CC01C00DF3455 = {
						CreatedOnToolsVersion = 14.2;
						TestTargetID = 91E5EBA0299CC01B00DF3455;
					};
				};
			};
			buildConfigurationList = 91E5EB9C299CC01B00DF3455 /* Build configuration list for PBXProject "curling" */;
			compatibilityVersion = "Xcode 14.0";
			developmentRegion = en;
			hasScannedForEncodings = 0;
			knownRegions = (
				en,
				Base,
			);
			mainGroup = 91E5EB98299CC01B00DF3455;
			productRefGroup = 91E5EBA2299CC01B00DF3455 /* Products */;
			projectDirPath = "";
			projectRoot = "";
			targets = (
				91E5EBA0299CC01B00DF3455 /* curling */,
				91E5EBB0299CC01C00DF3455 /* curlingTests */,
				91E5EBBA299CC01C00DF3455 /* curlingUITests */,
			);
		};
/* End PBXProject section */

/* Begin PBXResourcesBuildPhase section */
		91E5EB9F299CC01B00DF3455 /* Resources */ = {
			isa = PBXResourcesBuildPhase;
			buildActionMask = 2147483647;
			files = (
				896A37F12C22B96800B5A678 /* demo.mov in Resources */,
				91E5EBAC299CC01C00DF3455 /* Preview Assets.xcassets in Resources */,
				91E5EBA9299CC01C00DF3455 /* Assets.xcassets in Resources */,
			);
			runOnlyForDeploymentPostprocessing = 0;
		};
		91E5EBAF299CC01C00DF3455 /* Resources */ = {
			isa = PBXResourcesBuildPhase;
			buildActionMask = 2147483647;
			files = (
			);
			runOnlyForDeploymentPostprocessing = 0;
		};
		91E5EBB9299CC01C00DF3455 /* Resources */ = {
			isa = PBXResourcesBuildPhase;
			buildActionMask = 2147483647;
			files = (
			);
			runOnlyForDeploymentPostprocessing = 0;
		};
/* End PBXResourcesBuildPhase section */

/* Begin PBXSourcesBuildPhase section */
		91E5EB9D299CC01B00DF3455 /* Sources */ = {
			isa = PBXSourcesBuildPhase;
			buildActionMask = 2147483647;
			files = (
				9179B75D29C5A3B400586F4E /* clipLeftCircle.swift in Sources */,
				89989AF32C6AFBF800913D3F /* MapView.swift in Sources */,
				CE71A4E929E4447A00177BE7 /* MotionManager.swift in Sources */,
				CE6EABEF2A6E41F800DA9254 /* UDPServerBridge.m in Sources */,
				CE6EABEC2A6E3F3100DA9254 /* UDPServer.swift in Sources */,
				91E5EBA7299CC01B00DF3455 /* ContentView.swift in Sources */,
				91E5EBA5299CC01B00DF3455 /* curlingApp.swift in Sources */,
				91E5EBD0299CC86100DF3455 /* LocationManager.swift in Sources */,
			);
			runOnlyForDeploymentPostprocessing = 0;
		};
		91E5EBAD299CC01C00DF3455 /* Sources */ = {
			isa = PBXSourcesBuildPhase;
			buildActionMask = 2147483647;
			files = (
				91E5EBB6299CC01C00DF3455 /* curlingTests.swift in Sources */,
			);
			runOnlyForDeploymentPostprocessing = 0;
		};
		91E5EBB7299CC01C00DF3455 /* Sources */ = {
			isa = PBXSourcesBuildPhase;
			buildActionMask = 2147483647;
			files = (
				91E5EBC0299CC01C00DF3455 /* curlingUITests.swift in Sources */,
				91E5EBC2299CC01C00DF3455 /* curlingUITestsLaunchTests.swift in Sources */,
			);
			runOnlyForDeploymentPostprocessing = 0;
		};
/* End PBXSourcesBuildPhase section */

/* Begin PBXTargetDependency section */
		91E5EBB3299CC01C00DF3455 /* PBXTargetDependency */ = {
			isa = PBXTargetDependency;
			target = 91E5EBA0299CC01B00DF3455 /* curling */;
			targetProxy = 91E5EBB2299CC01C00DF3455 /* PBXContainerItemProxy */;
		};
		91E5EBBD299CC01C00DF3455 /* PBXTargetDependency */ = {
			isa = PBXTargetDependency;
			target = 91E5EBA0299CC01B00DF3455 /* curling */;
			targetProxy = 91E5EBBC299CC01C00DF3455 /* PBXContainerItemProxy */;
		};
/* End PBXTargetDependency section */

/* Begin XCBuildConfiguration section */
		91E5EBC3299CC01C00DF3455 /* Debug */ = {
			isa = XCBuildConfiguration;
			buildSettings = {
				ALWAYS_SEARCH_USER_PATHS = NO;
				CLANG_ANALYZER_NONNULL = YES;
				CLANG_ANALYZER_NUMBER_OBJECT_CONVERSION = YES_AGGRESSIVE;
				CLANG_CXX_LANGUAGE_STANDARD = "gnu++20";
				CLANG_ENABLE_MODULES = YES;
				CLANG_ENABLE_OBJC_ARC = YES;
				CLANG_ENABLE_OBJC_WEAK = YES;
				CLANG_WARN_BLOCK_CAPTURE_AUTORELEASING = YES;
				CLANG_WARN_BOOL_CONVERSION = YES;
				CLANG_WARN_COMMA = YES;
				CLANG_WARN_CONSTANT_CONVERSION = YES;
				CLANG_WARN_DEPRECATED_OBJC_IMPLEMENTATIONS = YES;
				CLANG_WARN_DIRECT_OBJC_ISA_USAGE = YES_ERROR;
				CLANG_WARN_DOCUMENTATION_COMMENTS = YES;
				CLANG_WARN_EMPTY_BODY = YES;
				CLANG_WARN_ENUM_CONVERSION = YES;
				CLANG_WARN_INFINITE_RECURSION = YES;
				CLANG_WARN_INT_CONVERSION = YES;
				CLANG_WARN_NON_LITERAL_NULL_CONVERSION = YES;
				CLANG_WARN_OBJC_IMPLICIT_RETAIN_SELF = YES;
				CLANG_WARN_OBJC_LITERAL_CONVERSION = YES;
				CLANG_WARN_OBJC_ROOT_CLASS = YES_ERROR;
				CLANG_WARN_QUOTED_INCLUDE_IN_FRAMEWORK_HEADER = YES;
				CLANG_WARN_RANGE_LOOP_ANALYSIS = YES;
				CLANG_WARN_STRICT_PROTOTYPES = YES;
				CLANG_WARN_SUSPICIOUS_MOVE = YES;
				CLANG_WARN_UNGUARDED_AVAILABILITY = YES_AGGRESSIVE;
				CLANG_WARN_UNREACHABLE_CODE = YES;
				CLANG_WARN__DUPLICATE_METHOD_MATCH = YES;
				COPY_PHASE_STRIP = NO;
				DEBUG_INFORMATION_FORMAT = dwarf;
				ENABLE_STRICT_OBJC_MSGSEND = YES;
				ENABLE_TESTABILITY = YES;
				GCC_C_LANGUAGE_STANDARD = gnu11;
				GCC_DYNAMIC_NO_PIC = NO;
				GCC_NO_COMMON_BLOCKS = YES;
				GCC_OPTIMIZATION_LEVEL = 0;
				GCC_PREPROCESSOR_DEFINITIONS = (
					"DEBUG=1",
					"$(inherited)",
				);
				GCC_WARN_64_TO_32_BIT_CONVERSION = YES;
				GCC_WARN_ABOUT_RETURN_TYPE = YES_ERROR;
				GCC_WARN_UNDECLARED_SELECTOR = YES;
				GCC_WARN_UNINITIALIZED_AUTOS = YES_AGGRESSIVE;
				GCC_WARN_UNUSED_FUNCTION = YES;
				GCC_WARN_UNUSED_VARIABLE = YES;
				IPHONEOS_DEPLOYMENT_TARGET = 16.0;
				MTL_ENABLE_DEBUG_INFO = INCLUDE_SOURCE;
				MTL_FAST_MATH = YES;
				ONLY_ACTIVE_ARCH = YES;
				SDKROOT = iphoneos;
				SWIFT_ACTIVE_COMPILATION_CONDITIONS = DEBUG;
				SWIFT_OPTIMIZATION_LEVEL = "-Onone";
			};
			name = Debug;
		};
		91E5EBC4299CC01C00DF3455 /* Release */ = {
			isa = XCBuildConfiguration;
			buildSettings = {
				ALWAYS_SEARCH_USER_PATHS = NO;
				CLANG_ANALYZER_NONNULL = YES;
				CLANG_ANALYZER_NUMBER_OBJECT_CONVERSION = YES_AGGRESSIVE;
				CLANG_CXX_LANGUAGE_STANDARD = "gnu++20";
				CLANG_ENABLE_MODULES = YES;
				CLANG_ENABLE_OBJC_ARC = YES;
				CLANG_ENABLE_OBJC_WEAK = YES;
				CLANG_WARN_BLOCK_CAPTURE_AUTORELEASING = YES;
				CLANG_WARN_BOOL_CONVERSION = YES;
				CLANG_WARN_COMMA = YES;
				CLANG_WARN_CONSTANT_CONVERSION = YES;
				CLANG_WARN_DEPRECATED_OBJC_IMPLEMENTATIONS = YES;
				CLANG_WARN_DIRECT_OBJC_ISA_USAGE = YES_ERROR;
				CLANG_WARN_DOCUMENTATION_COMMENTS = YES;
				CLANG_WARN_EMPTY_BODY = YES;
				CLANG_WARN_ENUM_CONVERSION = YES;
				CLANG_WARN_INFINITE_RECURSION = YES;
				CLANG_WARN_INT_CONVERSION = YES;
				CLANG_WARN_NON_LITERAL_NULL_CONVERSION = YES;
				CLANG_WARN_OBJC_IMPLICIT_RETAIN_SELF = YES;
				CLANG_WARN_OBJC_LITERAL_CONVERSION = YES;
				CLANG_WARN_OBJC_ROOT_CLASS = YES_ERROR;
				CLANG_WARN_QUOTED_INCLUDE_IN_FRAMEWORK_HEADER = YES;
				CLANG_WARN_RANGE_LOOP_ANALYSIS = YES;
				CLANG_WARN_STRICT_PROTOTYPES = YES;
				CLANG_WARN_SUSPICIOUS_MOVE = YES;
				CLANG_WARN_UNGUARDED_AVAILABILITY = YES_AGGRESSIVE;
				CLANG_WARN_UNREACHABLE_CODE = YES;
				CLANG_WARN__DUPLICATE_METHOD_MATCH = YES;
				COPY_PHASE_STRIP = NO;
				DEBUG_INFORMATION_FORMAT = "dwarf-with-dsym";
				ENABLE_NS_ASSERTIONS = NO;
				ENABLE_STRICT_OBJC_MSGSEND = YES;
				GCC_C_LANGUAGE_STANDARD = gnu11;
				GCC_NO_COMMON_BLOCKS = YES;
				GCC_WARN_64_TO_32_BIT_CONVERSION = YES;
				GCC_WARN_ABOUT_RETURN_TYPE = YES_ERROR;
				GCC_WARN_UNDECLARED_SELECTOR = YES;
				GCC_WARN_UNINITIALIZED_AUTOS = YES_AGGRESSIVE;
				GCC_WARN_UNUSED_FUNCTION = YES;
				GCC_WARN_UNUSED_VARIABLE = YES;
				IPHONEOS_DEPLOYMENT_TARGET = 16.0;
				MTL_ENABLE_DEBUG_INFO = NO;
				MTL_FAST_MATH = YES;
				SDKROOT = iphoneos;
				SWIFT_COMPILATION_MODE = wholemodule;
				SWIFT_OPTIMIZATION_LEVEL = "-O";
				VALIDATE_PRODUCT = YES;
			};
			name = Release;
		};
		91E5EBC6299CC01C00DF3455 /* Debug */ = {
			isa = XCBuildConfiguration;
			buildSettings = {
				ASSETCATALOG_COMPILER_APPICON_NAME = AppIcon;
				ASSETCATALOG_COMPILER_GLOBAL_ACCENT_COLOR_NAME = AccentColor;
				CLANG_ENABLE_MODULES = YES;
				CODE_SIGN_IDENTITY = "Apple Development";
				CODE_SIGN_STYLE = Automatic;
				CURRENT_PROJECT_VERSION = 1;
				DEVELOPMENT_ASSET_PATHS = "\"curling/Preview Content\"";
				DEVELOPMENT_TEAM = WL5P965F5R;
				ENABLE_PREVIEWS = YES;
				GENERATE_INFOPLIST_FILE = YES;
				INFOPLIST_FILE = curling/Info.plist;
				INFOPLIST_KEY_NSLocationWhenInUseUsageDescription = "";
				INFOPLIST_KEY_UIApplicationSceneManifest_Generation = YES;
				INFOPLIST_KEY_UIApplicationSupportsIndirectInputEvents = YES;
				INFOPLIST_KEY_UILaunchScreen_Generation = YES;
				INFOPLIST_KEY_UISupportedInterfaceOrientations = UIInterfaceOrientationLandscapeRight;
				LD_RUNPATH_SEARCH_PATHS = (
					"$(inherited)",
					"@executable_path/Frameworks",
				);
				MARKETING_VERSION = 1.0;
				PRODUCT_BUNDLE_IDENTIFIER = fun.curling;
				PRODUCT_NAME = "$(TARGET_NAME)";
				PROVISIONING_PROFILE_SPECIFIER = "";
				SWIFT_EMIT_LOC_STRINGS = YES;
				SWIFT_OBJC_BRIDGING_HEADER = "curling/curling-Bridging-Header.h";
				SWIFT_OPTIMIZATION_LEVEL = "-Onone";
				SWIFT_VERSION = 5.0;
				TARGETED_DEVICE_FAMILY = "1,2";
			};
			name = Debug;
		};
		91E5EBC7299CC01C00DF3455 /* Release */ = {
			isa = XCBuildConfiguration;
			buildSettings = {
				ASSETCATALOG_COMPILER_APPICON_NAME = AppIcon;
				ASSETCATALOG_COMPILER_GLOBAL_ACCENT_COLOR_NAME = AccentColor;
				CLANG_ENABLE_MODULES = YES;
				CODE_SIGN_IDENTITY = "Apple Development";
				CODE_SIGN_STYLE = Automatic;
				CURRENT_PROJECT_VERSION = 1;
				DEVELOPMENT_ASSET_PATHS = "\"curling/Preview Content\"";
				DEVELOPMENT_TEAM = WL5P965F5R;
				ENABLE_PREVIEWS = YES;
				GENERATE_INFOPLIST_FILE = YES;
				INFOPLIST_FILE = curling/Info.plist;
				INFOPLIST_KEY_NSLocationWhenInUseUsageDescription = "";
				INFOPLIST_KEY_UIApplicationSceneManifest_Generation = YES;
				INFOPLIST_KEY_UIApplicationSupportsIndirectInputEvents = YES;
				INFOPLIST_KEY_UILaunchScreen_Generation = YES;
				INFOPLIST_KEY_UISupportedInterfaceOrientations = UIInterfaceOrientationLandscapeRight;
				LD_RUNPATH_SEARCH_PATHS = (
					"$(inherited)",
					"@executable_path/Frameworks",
				);
				MARKETING_VERSION = 1.0;
				PRODUCT_BUNDLE_IDENTIFIER = fun.curling;
				PRODUCT_NAME = "$(TARGET_NAME)";
				PROVISIONING_PROFILE_SPECIFIER = "";
				SWIFT_EMIT_LOC_STRINGS = YES;
				SWIFT_OBJC_BRIDGING_HEADER = "curling/curling-Bridging-Header.h";
				SWIFT_VERSION = 5.0;
				TARGETED_DEVICE_FAMILY = "1,2";
			};
			name = Release;
		};
		91E5EBC9299CC01C00DF3455 /* Debug */ = {
			isa = XCBuildConfiguration;
			buildSettings = {
				ALWAYS_EMBED_SWIFT_STANDARD_LIBRARIES = YES;
				BUNDLE_LOADER = "$(TEST_HOST)";
				CODE_SIGN_STYLE = Automatic;
				CURRENT_PROJECT_VERSION = 1;
				GENERATE_INFOPLIST_FILE = YES;
				IPHONEOS_DEPLOYMENT_TARGET = 16.2;
				MARKETING_VERSION = 1.0;
				PRODUCT_BUNDLE_IDENTIFIER = fun.curlingTests;
				PRODUCT_NAME = "$(TARGET_NAME)";
				SWIFT_EMIT_LOC_STRINGS = NO;
				SWIFT_VERSION = 5.0;
				TARGETED_DEVICE_FAMILY = "1,2";
				TEST_HOST = "$(BUILT_PRODUCTS_DIR)/curling.app/$(BUNDLE_EXECUTABLE_FOLDER_PATH)/curling";
			};
			name = Debug;
		};
		91E5EBCA299CC01C00DF3455 /* Release */ = {
			isa = XCBuildConfiguration;
			buildSettings = {
				ALWAYS_EMBED_SWIFT_STANDARD_LIBRARIES = YES;
				BUNDLE_LOADER = "$(TEST_HOST)";
				CODE_SIGN_STYLE = Automatic;
				CURRENT_PROJECT_VERSION = 1;
				GENERATE_INFOPLIST_FILE = YES;
				IPHONEOS_DEPLOYMENT_TARGET = 16.2;
				MARKETING_VERSION = 1.0;
				PRODUCT_BUNDLE_IDENTIFIER = fun.curlingTests;
				PRODUCT_NAME = "$(TARGET_NAME)";
				SWIFT_EMIT_LOC_STRINGS = NO;
				SWIFT_VERSION = 5.0;
				TARGETED_DEVICE_FAMILY = "1,2";
				TEST_HOST = "$(BUILT_PRODUCTS_DIR)/curling.app/$(BUNDLE_EXECUTABLE_FOLDER_PATH)/curling";
			};
			name = Release;
		};
		91E5EBCC299CC01C00DF3455 /* Debug */ = {
			isa = XCBuildConfiguration;
			buildSettings = {
				ALWAYS_EMBED_SWIFT_STANDARD_LIBRARIES = YES;
				CODE_SIGN_STYLE = Automatic;
				CURRENT_PROJECT_VERSION = 1;
				GENERATE_INFOPLIST_FILE = YES;
				MARKETING_VERSION = 1.0;
				PRODUCT_BUNDLE_IDENTIFIER = fun.curlingUITests;
				PRODUCT_NAME = "$(TARGET_NAME)";
				SWIFT_EMIT_LOC_STRINGS = NO;
				SWIFT_VERSION = 5.0;
				TARGETED_DEVICE_FAMILY = "1,2";
				TEST_TARGET_NAME = curling;
			};
			name = Debug;
		};
		91E5EBCD299CC01C00DF3455 /* Release */ = {
			isa = XCBuildConfiguration;
			buildSettings = {
				ALWAYS_EMBED_SWIFT_STANDARD_LIBRARIES = YES;
				CODE_SIGN_STYLE = Automatic;
				CURRENT_PROJECT_VERSION = 1;
				GENERATE_INFOPLIST_FILE = YES;
				MARKETING_VERSION = 1.0;
				PRODUCT_BUNDLE_IDENTIFIER = fun.curlingUITests;
				PRODUCT_NAME = "$(TARGET_NAME)";
				SWIFT_EMIT_LOC_STRINGS = NO;
				SWIFT_VERSION = 5.0;
				TARGETED_DEVICE_FAMILY = "1,2";
				TEST_TARGET_NAME = curling;
			};
			name = Release;
		};
/* End XCBuildConfiguration section */

/* Begin XCConfigurationList section */
		91E5EB9C299CC01B00DF3455 /* Build configuration list for PBXProject "curling" */ = {
			isa = XCConfigurationList;
			buildConfigurations = (
				91E5EBC3299CC01C00DF3455 /* Debug */,
				91E5EBC4299CC01C00DF3455 /* Release */,
			);
			defaultConfigurationIsVisible = 0;
			defaultConfigurationName = Release;
		};
		91E5EBC5299CC01C00DF3455 /* Build configuration list for PBXNativeTarget "curling" */ = {
			isa = XCConfigurationList;
			buildConfigurations = (
				91E5EBC6299CC01C00DF3455 /* Debug */,
				91E5EBC7299CC01C00DF3455 /* Release */,
			);
			defaultConfigurationIsVisible = 0;
			defaultConfigurationName = Release;
		};
		91E5EBC8299CC01C00DF3455 /* Build configuration list for PBXNativeTarget "curlingTests" */ = {
			isa = XCConfigurationList;
			buildConfigurations = (
				91E5EBC9299CC01C00DF3455 /* Debug */,
				91E5EBCA299CC01C00DF3455 /* Release */,
			);
			defaultConfigurationIsVisible = 0;
			defaultConfigurationName = Release;
		};
		91E5EBCB299CC01C00DF3455 /* Build configuration list for PBXNativeTarget "curlingUITests" */ = {
			isa = XCConfigurationList;
			buildConfigurations = (
				91E5EBCC299CC01C00DF3455 /* Debug */,
				91E5EBCD299CC01C00DF3455 /* Release */,
			);
			defaultConfigurationIsVisible = 0;
			defaultConfigurationName = Release;
		};
/* End XCConfigurationList section */
	};
	rootObject = 91E5EB99299CC01B00DF3455 /* Project object */;
}
